// !$*UTF8*$!
{
	archiveVersion = 1;
	classes = {
	};
	objectVersion = 46;
	objects = {

/* Begin PBXGroup section */
		45B262481437319800D0C04C = {
			isa = PBXGroup;
			children = (
			);
			sourceTree = "<group>";
		};
/* End PBXGroup section */

/* Begin PBXProject section */
		45B2624A1437319800D0C04C /* Project object */ = {
			isa = PBXProject;
			buildConfigurationList = 45B2624D1437319800D0C04C /* Build configuration list for PBXProject "TowerTanks" */;
			compatibilityVersion = "Xcode 3.2";
			developmentRegion = English;
			hasScannedForEncodings = 0;
			knownRegions = (
				en,
			);
			mainGroup = 45B262481437319800D0C04C;
			projectDirPath = "";
			projectRoot = "";
			targets = (
			);
		};
/* End PBXProject section */

/* Begin XCBuildConfiguration section */
		45B2624F1437319800D0C04C /* Debug */ = {
			isa = XCBuildConfiguration;
			buildSettings = {
			};
			name = Debug;
		};
		45B262501437319800D0C04C /* Release */ = {
			isa = XCBuildConfiguration;
			buildSettings = {
			};
			name = Release;
		};
/* End XCBuildConfiguration section */

/* Begin XCConfigurationList section */
		45B2624D1437319800D0C04C /* Build configuration list for PBXProject "TowerTanks" */ = {
			isa = XCConfigurationList;
			buildConfigurations = (
				45B2624F1437319800D0C04C /* Debug */,
				45B262501437319800D0C04C /* Release */,
			);
			defaultConfigurationIsVisible = 0;
			defaultConfigurationName = Release;
		};
/* End XCConfigurationList section */
	};
	rootObject = 45B2624A1437319800D0C04C /* Project object */;
}
